
Microsoft Visual Studio Solution File, Format Version 12.00
# Visual Studio Version 17
VisualStudioVersion = 17.8.34309.116
MinimumVisualStudioVersion = 10.0.40219.1
Project("{FAE04EC0-301F-11D3-BF4B-00C04F79EFBC}") = "MsTest", "MsTest\MsTest.csproj", "{8E332526-4B9F-44B3-A4E5-B2EA858EF339}"
EndProject
Global
	GlobalSection(SolutionConfigurationPlatforms) = preSolution
		Debug|Any CPU = Debug|Any CPU
		Release|Any CPU = Release|Any CPU
	EndGlobalSection
	GlobalSection(ProjectConfigurationPlatforms) = postSolution
		{8E332526-4B9F-44B3-A4E5-B2EA858EF339}.Debug|Any CPU.ActiveCfg = Debug|Any CPU
		{8E332526-4B9F-44B3-A4E5-B2EA858EF339}.Debug|Any CPU.Build.0 = Debug|Any CPU
		{8E332526-4B9F-44B3-A4E5-B2EA858EF339}.Release|Any CPU.ActiveCfg = Release|Any CPU
		{8E332526-4B9F-44B3-A4E5-B2EA858EF339}.Release|Any CPU.Build.0 = Release|Any CPU
	EndGlobalSection
	GlobalSection(SolutionProperties) = preSolution
		HideSolutionNode = FALSE
	EndGlobalSection
	GlobalSection(ExtensibilityGlobals) = postSolution
		SolutionGuid = {6AB6AFCE-72F1-4745-AD92-ACC21E6F3C94}
	EndGlobalSection
EndGlobal
